
Microsoft Visual Studio Solution File, Format Version 12.00
# Visual Studio 14
VisualStudioVersion = 14.0.25420.1
MinimumVisualStudioVersion = 10.0.40219.1
Project("{FAE04EC0-301F-11D3-BF4B-00C04F79EFBC}") = "AndroidSample01", "AndroidSample01\AndroidSample01.csproj", "{75C273AA-50C6-49C2-86D7-F06D7A43E409}"
EndProject
Project("{FAE04EC0-301F-11D3-BF4B-00C04F79EFBC}") = "AndroidSample02", "AndroidSample02\AndroidSample02.csproj", "{F4136A7A-98FD-43CB-B735-9ADF50E77932}"
EndProject
Project("{FAE04EC0-301F-11D3-BF4B-00C04F79EFBC}") = "NewGroceryApp", "NewGroceryApp\NewGroceryApp.csproj", "{55C590CC-EA66-4E98-81F2-696FFD0F3EF9}"
EndProject
Project("{FAE04EC0-301F-11D3-BF4B-00C04F79EFBC}") = "ListViewApp", "ListViewApp\ListViewApp.csproj", "{0B931545-5B5B-4016-96F8-80C71C0FF6C3}"
EndProject
Project("{FAE04EC0-301F-11D3-BF4B-00C04F79EFBC}") = "YouTubeCourse", "YouTubeCourse\YouTubeCourse.csproj", "{FD1FF5CD-526A-4627-88B1-4C4F7ED32235}"
EndProject
Global
	GlobalSection(SolutionConfigurationPlatforms) = preSolution
		Debug|Any CPU = Debug|Any CPU
		Release|Any CPU = Release|Any CPU
	EndGlobalSection
	GlobalSection(ProjectConfigurationPlatforms) = postSolution
		{75C273AA-50C6-49C2-86D7-F06D7A43E409}.Debug|Any CPU.ActiveCfg = Debug|Any CPU
		{75C273AA-50C6-49C2-86D7-F06D7A43E409}.Debug|Any CPU.Build.0 = Debug|Any CPU
		{75C273AA-50C6-49C2-86D7-F06D7A43E409}.Debug|Any CPU.Deploy.0 = Debug|Any CPU
		{75C273AA-50C6-49C2-86D7-F06D7A43E409}.Release|Any CPU.ActiveCfg = Release|Any CPU
		{75C273AA-50C6-49C2-86D7-F06D7A43E409}.Release|Any CPU.Build.0 = Release|Any CPU
		{75C273AA-50C6-49C2-86D7-F06D7A43E409}.Release|Any CPU.Deploy.0 = Release|Any CPU
		{F4136A7A-98FD-43CB-B735-9ADF50E77932}.Debug|Any CPU.ActiveCfg = Debug|Any CPU
		{F4136A7A-98FD-43CB-B735-9ADF50E77932}.Debug|Any CPU.Build.0 = Debug|Any CPU
		{F4136A7A-98FD-43CB-B735-9ADF50E77932}.Debug|Any CPU.Deploy.0 = Debug|Any CPU
		{F4136A7A-98FD-43CB-B735-9ADF50E77932}.Release|Any CPU.ActiveCfg = Release|Any CPU
		{F4136A7A-98FD-43CB-B735-9ADF50E77932}.Release|Any CPU.Build.0 = Release|Any CPU
		{F4136A7A-98FD-43CB-B735-9ADF50E77932}.Release|Any CPU.Deploy.0 = Release|Any CPU
		{55C590CC-EA66-4E98-81F2-696FFD0F3EF9}.Debug|Any CPU.ActiveCfg = Debug|Any CPU
		{55C590CC-EA66-4E98-81F2-696FFD0F3EF9}.Debug|Any CPU.Build.0 = Debug|Any CPU
		{55C590CC-EA66-4E98-81F2-696FFD0F3EF9}.Debug|Any CPU.Deploy.0 = Debug|Any CPU
		{55C590CC-EA66-4E98-81F2-696FFD0F3EF9}.Release|Any CPU.ActiveCfg = Release|Any CPU
		{55C590CC-EA66-4E98-81F2-696FFD0F3EF9}.Release|Any CPU.Build.0 = Release|Any CPU
		{55C590CC-EA66-4E98-81F2-696FFD0F3EF9}.Release|Any CPU.Deploy.0 = Release|Any CPU
		{0B931545-5B5B-4016-96F8-80C71C0FF6C3}.Debug|Any CPU.ActiveCfg = Debug|Any CPU
		{0B931545-5B5B-4016-96F8-80C71C0FF6C3}.Debug|Any CPU.Build.0 = Debug|Any CPU
		{0B931545-5B5B-4016-96F8-80C71C0FF6C3}.Debug|Any CPU.Deploy.0 = Debug|Any CPU
		{0B931545-5B5B-4016-96F8-80C71C0FF6C3}.Release|Any CPU.ActiveCfg = Release|Any CPU
		{0B931545-5B5B-4016-96F8-80C71C0FF6C3}.Release|Any CPU.Build.0 = Release|Any CPU
		{0B931545-5B5B-4016-96F8-80C71C0FF6C3}.Release|Any CPU.Deploy.0 = Release|Any CPU
		{FD1FF5CD-526A-4627-88B1-4C4F7ED32235}.Debug|Any CPU.ActiveCfg = Debug|Any CPU
		{FD1FF5CD-526A-4627-88B1-4C4F7ED32235}.Debug|Any CPU.Build.0 = Debug|Any CPU
		{FD1FF5CD-526A-4627-88B1-4C4F7ED32235}.Debug|Any CPU.Deploy.0 = Debug|Any CPU
		{FD1FF5CD-526A-4627-88B1-4C4F7ED32235}.Release|Any CPU.ActiveCfg = Release|Any CPU
		{FD1FF5CD-526A-4627-88B1-4C4F7ED32235}.Release|Any CPU.Build.0 = Release|Any CPU
		{FD1FF5CD-526A-4627-88B1-4C4F7ED32235}.Release|Any CPU.Deploy.0 = Release|Any CPU
	EndGlobalSection
	GlobalSection(SolutionProperties) = preSolution
		HideSolutionNode = FALSE
	EndGlobalSection
EndGlobal
